
Microsoft Visual Studio Solution File, Format Version 12.00
# Visual Studio Version 17
VisualStudioVersion = 17.7.34018.315
MinimumVisualStudioVersion = 10.0.40219.1
Project("{9A19103F-16F7-4668-BE54-9A1E7A4F7556}") = "Domain", "Domain\Domain.csproj", "{CC0AA31A-1609-40BF-B0B4-C3592ED35EB8}"
EndProject
Project("{9A19103F-16F7-4668-BE54-9A1E7A4F7556}") = "IBusinessLogic", "IBusinessLogic\IBusinessLogic.csproj", "{7EB8666D-DDA8-4064-92A0-B86D452057A6}"
EndProject
Project("{9A19103F-16F7-4668-BE54-9A1E7A4F7556}") = "BusinessLogic", "BusinessLogic\BusinessLogic.csproj", "{6DAEC473-ACAF-49CD-B70C-96A308EF9205}"
	ProjectSection(ProjectDependencies) = postProject
		{7EB8666D-DDA8-4064-92A0-B86D452057A6} = {7EB8666D-DDA8-4064-92A0-B86D452057A6}
	EndProjectSection
EndProject
Project("{9A19103F-16F7-4668-BE54-9A1E7A4F7556}") = "DataAccess", "DataAccess\DataAccess.csproj", "{87AB4104-08D4-472F-892D-94D983490331}"
EndProject
Project("{9A19103F-16F7-4668-BE54-9A1E7A4F7556}") = "IDataAccess", "IDataAccess\IDataAccess.csproj", "{CF6C8AD6-3E2B-414F-9D23-C8D27097563F}"
EndProject
Project("{9A19103F-16F7-4668-BE54-9A1E7A4F7556}") = "WebApi", "WebApi\WebApi.csproj", "{63DA14AD-C59D-4717-A862-7767BBEB19D3}"
EndProject
Project("{9A19103F-16F7-4668-BE54-9A1E7A4F7556}") = "BusinessLogic.Test", "BusinessLogic.Test\BusinessLogic.Test.csproj", "{5D86DE0C-FFF4-4EEF-9D66-81E8AA280878}"
	ProjectSection(ProjectDependencies) = postProject
		{6DAEC473-ACAF-49CD-B70C-96A308EF9205} = {6DAEC473-ACAF-49CD-B70C-96A308EF9205}
	EndProjectSection
EndProject
Project("{9A19103F-16F7-4668-BE54-9A1E7A4F7556}") = "WebApi.Test", "WebApi.Test\WebApi.Test.csproj", "{9E96020E-B87B-4209-8C85-6991CA3072CB}"
EndProject
Project("{9A19103F-16F7-4668-BE54-9A1E7A4F7556}") = "Promotions", "Promotions\Promotions.csproj", "{23B50524-5A50-40F8-995C-952DD236A208}"
EndProject
Project("{9A19103F-16F7-4668-BE54-9A1E7A4F7556}") = "Importers", "Importers\Importers.csproj", "{D1F30DAA-E5BA-4978-8328-BB5EE1C14721}"
EndProject
Project("{FAE04EC0-301F-11D3-BF4B-00C04F79EFBC}") = "PromotionInterface", "PromotionInterface\PromotionInterface.csproj", "{9C64908C-4805-4801-8919-E5DAE38C477B}"
EndProject
Global
	GlobalSection(SolutionConfigurationPlatforms) = preSolution
		Debug|Any CPU = Debug|Any CPU
		Release|Any CPU = Release|Any CPU
	EndGlobalSection
	GlobalSection(ProjectConfigurationPlatforms) = postSolution
		{CC0AA31A-1609-40BF-B0B4-C3592ED35EB8}.Debug|Any CPU.ActiveCfg = Debug|Any CPU
		{CC0AA31A-1609-40BF-B0B4-C3592ED35EB8}.Debug|Any CPU.Build.0 = Debug|Any CPU
		{CC0AA31A-1609-40BF-B0B4-C3592ED35EB8}.Release|Any CPU.ActiveCfg = Release|Any CPU
		{CC0AA31A-1609-40BF-B0B4-C3592ED35EB8}.Release|Any CPU.Build.0 = Release|Any CPU
		{7EB8666D-DDA8-4064-92A0-B86D452057A6}.Debug|Any CPU.ActiveCfg = Debug|Any CPU
		{7EB8666D-DDA8-4064-92A0-B86D452057A6}.Debug|Any CPU.Build.0 = Debug|Any CPU
		{7EB8666D-DDA8-4064-92A0-B86D452057A6}.Release|Any CPU.ActiveCfg = Release|Any CPU
		{7EB8666D-DDA8-4064-92A0-B86D452057A6}.Release|Any CPU.Build.0 = Release|Any CPU
		{6DAEC473-ACAF-49CD-B70C-96A308EF9205}.Debug|Any CPU.ActiveCfg = Debug|Any CPU
		{6DAEC473-ACAF-49CD-B70C-96A308EF9205}.Debug|Any CPU.Build.0 = Debug|Any CPU
		{6DAEC473-ACAF-49CD-B70C-96A308EF9205}.Release|Any CPU.ActiveCfg = Release|Any CPU
		{6DAEC473-ACAF-49CD-B70C-96A308EF9205}.Release|Any CPU.Build.0 = Release|Any CPU
		{87AB4104-08D4-472F-892D-94D983490331}.Debug|Any CPU.ActiveCfg = Debug|Any CPU
		{87AB4104-08D4-472F-892D-94D983490331}.Debug|Any CPU.Build.0 = Debug|Any CPU
		{87AB4104-08D4-472F-892D-94D983490331}.Release|Any CPU.ActiveCfg = Release|Any CPU
		{87AB4104-08D4-472F-892D-94D983490331}.Release|Any CPU.Build.0 = Release|Any CPU
		{CF6C8AD6-3E2B-414F-9D23-C8D27097563F}.Debug|Any CPU.ActiveCfg = Debug|Any CPU
		{CF6C8AD6-3E2B-414F-9D23-C8D27097563F}.Debug|Any CPU.Build.0 = Debug|Any CPU
		{CF6C8AD6-3E2B-414F-9D23-C8D27097563F}.Release|Any CPU.ActiveCfg = Release|Any CPU
		{CF6C8AD6-3E2B-414F-9D23-C8D27097563F}.Release|Any CPU.Build.0 = Release|Any CPU
		{63DA14AD-C59D-4717-A862-7767BBEB19D3}.Debug|Any CPU.ActiveCfg = Debug|Any CPU
		{63DA14AD-C59D-4717-A862-7767BBEB19D3}.Debug|Any CPU.Build.0 = Debug|Any CPU
		{63DA14AD-C59D-4717-A862-7767BBEB19D3}.Release|Any CPU.ActiveCfg = Release|Any CPU
		{63DA14AD-C59D-4717-A862-7767BBEB19D3}.Release|Any CPU.Build.0 = Release|Any CPU
		{5D86DE0C-FFF4-4EEF-9D66-81E8AA280878}.Debug|Any CPU.ActiveCfg = Debug|Any CPU
		{5D86DE0C-FFF4-4EEF-9D66-81E8AA280878}.Debug|Any CPU.Build.0 = Debug|Any CPU
		{5D86DE0C-FFF4-4EEF-9D66-81E8AA280878}.Release|Any CPU.ActiveCfg = Release|Any CPU
		{5D86DE0C-FFF4-4EEF-9D66-81E8AA280878}.Release|Any CPU.Build.0 = Release|Any CPU
		{9E96020E-B87B-4209-8C85-6991CA3072CB}.Debug|Any CPU.ActiveCfg = Debug|Any CPU
		{9E96020E-B87B-4209-8C85-6991CA3072CB}.Debug|Any CPU.Build.0 = Debug|Any CPU
		{9E96020E-B87B-4209-8C85-6991CA3072CB}.Release|Any CPU.ActiveCfg = Release|Any CPU
		{9E96020E-B87B-4209-8C85-6991CA3072CB}.Release|Any CPU.Build.0 = Release|Any CPU
		{23B50524-5A50-40F8-995C-952DD236A208}.Debug|Any CPU.ActiveCfg = Debug|Any CPU
		{23B50524-5A50-40F8-995C-952DD236A208}.Debug|Any CPU.Build.0 = Debug|Any CPU
		{23B50524-5A50-40F8-995C-952DD236A208}.Release|Any CPU.ActiveCfg = Release|Any CPU
		{23B50524-5A50-40F8-995C-952DD236A208}.Release|Any CPU.Build.0 = Release|Any CPU
		{D1F30DAA-E5BA-4978-8328-BB5EE1C14721}.Debug|Any CPU.ActiveCfg = Debug|Any CPU
		{D1F30DAA-E5BA-4978-8328-BB5EE1C14721}.Debug|Any CPU.Build.0 = Debug|Any CPU
		{D1F30DAA-E5BA-4978-8328-BB5EE1C14721}.Release|Any CPU.ActiveCfg = Release|Any CPU
		{D1F30DAA-E5BA-4978-8328-BB5EE1C14721}.Release|Any CPU.Build.0 = Release|Any CPU
		{9C64908C-4805-4801-8919-E5DAE38C477B}.Debug|Any CPU.ActiveCfg = Debug|Any CPU
		{9C64908C-4805-4801-8919-E5DAE38C477B}.Debug|Any CPU.Build.0 = Debug|Any CPU
		{9C64908C-4805-4801-8919-E5DAE38C477B}.Release|Any CPU.ActiveCfg = Release|Any CPU
		{9C64908C-4805-4801-8919-E5DAE38C477B}.Release|Any CPU.Build.0 = Release|Any CPU
	EndGlobalSection
	GlobalSection(SolutionProperties) = preSolution
		HideSolutionNode = FALSE
	EndGlobalSection
	GlobalSection(ExtensibilityGlobals) = postSolution
		SolutionGuid = {701431B4-617B-4379-866B-63C158F8393A}
	EndGlobalSection
EndGlobal
